
Microsoft Visual Studio Solution File, Format Version 12.00
# Visual Studio Version 17
VisualStudioVersion = 17.0.32014.148
MinimumVisualStudioVersion = 10.0.40219.1
Project("{9A19103F-16F7-4668-BE54-9A1E7A4F7556}") = "SoilDataManagement", "SoilDataManagement\SoilDataManagement.csproj", "{9D628277-FE46-4712-A382-F37D06A5B960}"
EndProject
Project("{FAE04EC0-301F-11D3-BF4B-00C04F79EFBC}") = "DataGetter", "DataGetter\DataGetter.csproj", "{D24523B4-15C9-487D-B687-97F23F33DB45}"
EndProject
Global
	GlobalSection(SolutionConfigurationPlatforms) = preSolution
		Debug|Any CPU = Debug|Any CPU
		Release|Any CPU = Release|Any CPU
	EndGlobalSection
	GlobalSection(ProjectConfigurationPlatforms) = postSolution
		{9D628277-FE46-4712-A382-F37D06A5B960}.Debug|Any CPU.ActiveCfg = Debug|Any CPU
		{9D628277-FE46-4712-A382-F37D06A5B960}.Debug|Any CPU.Build.0 = Debug|Any CPU
		{9D628277-FE46-4712-A382-F37D06A5B960}.Release|Any CPU.ActiveCfg = Release|Any CPU
		{9D628277-FE46-4712-A382-F37D06A5B960}.Release|Any CPU.Build.0 = Release|Any CPU
		{D24523B4-15C9-487D-B687-97F23F33DB45}.Debug|Any CPU.ActiveCfg = Debug|Any CPU
		{D24523B4-15C9-487D-B687-97F23F33DB45}.Debug|Any CPU.Build.0 = Debug|Any CPU
		{D24523B4-15C9-487D-B687-97F23F33DB45}.Release|Any CPU.ActiveCfg = Release|Any CPU
		{D24523B4-15C9-487D-B687-97F23F33DB45}.Release|Any CPU.Build.0 = Release|Any CPU
	EndGlobalSection
	GlobalSection(SolutionProperties) = preSolution
		HideSolutionNode = FALSE
	EndGlobalSection
	GlobalSection(ExtensibilityGlobals) = postSolution
		SolutionGuid = {B5498EE1-83D4-4800-9940-1AE73721054B}
	EndGlobalSection
EndGlobal
